
Microsoft Visual Studio Solution File, Format Version 12.00
# Visual Studio Version 16
VisualStudioVersion = 16.0.31205.134
MinimumVisualStudioVersion = 10.0.40219.1
Project("{FAE04EC0-301F-11D3-BF4B-00C04F79EFBC}") = "SolutionExam2", "SolutionExam2\SolutionExam2.csproj", "{6C9B32FC-487D-4099-8BD8-E14112637852}"
EndProject
Global
	GlobalSection(SolutionConfigurationPlatforms) = preSolution
		Debug|Any CPU = Debug|Any CPU
		Release|Any CPU = Release|Any CPU
	EndGlobalSection
	GlobalSection(ProjectConfigurationPlatforms) = postSolution
		{6C9B32FC-487D-4099-8BD8-E14112637852}.Debug|Any CPU.ActiveCfg = Debug|Any CPU
		{6C9B32FC-487D-4099-8BD8-E14112637852}.Debug|Any CPU.Build.0 = Debug|Any CPU
		{6C9B32FC-487D-4099-8BD8-E14112637852}.Release|Any CPU.ActiveCfg = Release|Any CPU
		{6C9B32FC-487D-4099-8BD8-E14112637852}.Release|Any CPU.Build.0 = Release|Any CPU
	EndGlobalSection
	GlobalSection(SolutionProperties) = preSolution
		HideSolutionNode = FALSE
	EndGlobalSection
	GlobalSection(ExtensibilityGlobals) = postSolution
		SolutionGuid = {C67236CB-DE21-4785-87C4-0D2F83B55FA8}
	EndGlobalSection
EndGlobal
